
Microsoft Visual Studio Solution File, Format Version 12.00
# Visual Studio Version 17
VisualStudioVersion = 17.7.34031.279
MinimumVisualStudioVersion = 10.0.40219.1
Project("{FAE04EC0-301F-11D3-BF4B-00C04F79EFBC}") = "Lab6_Q2", "Lab6_Q2.csproj", "{C7E26AB1-2BC3-4B03-9517-95F1A1E1544C}"
EndProject
Global
	GlobalSection(SolutionConfigurationPlatforms) = preSolution
		Debug|Any CPU = Debug|Any CPU
		Release|Any CPU = Release|Any CPU
	EndGlobalSection
	GlobalSection(ProjectConfigurationPlatforms) = postSolution
		{C7E26AB1-2BC3-4B03-9517-95F1A1E1544C}.Debug|Any CPU.ActiveCfg = Debug|Any CPU
		{C7E26AB1-2BC3-4B03-9517-95F1A1E1544C}.Debug|Any CPU.Build.0 = Debug|Any CPU
		{C7E26AB1-2BC3-4B03-9517-95F1A1E1544C}.Release|Any CPU.ActiveCfg = Release|Any CPU
		{C7E26AB1-2BC3-4B03-9517-95F1A1E1544C}.Release|Any CPU.Build.0 = Release|Any CPU
	EndGlobalSection
	GlobalSection(SolutionProperties) = preSolution
		HideSolutionNode = FALSE
	EndGlobalSection
	GlobalSection(ExtensibilityGlobals) = postSolution
		SolutionGuid = {85E61D80-875F-46DC-A9F3-43CF59C858D1}
	EndGlobalSection
EndGlobal
